
Microsoft Visual Studio Solution File, Format Version 12.00
# Visual Studio Version 17
VisualStudioVersion = 17.14.36127.28 d17.14
MinimumVisualStudioVersion = 10.0.40219.1
Project("{FAE04EC0-301F-11D3-BF4B-00C04F79EFBC}") = "DrJaw", "DrJaw.csproj", "{AC3216B9-AD9D-4B5E-B8C0-45426297ECF1}"
EndProject
Global
	GlobalSection(SolutionConfigurationPlatforms) = preSolution
		Debug|Any CPU = Debug|Any CPU
		Release|Any CPU = Release|Any CPU
	EndGlobalSection
	GlobalSection(ProjectConfigurationPlatforms) = postSolution
		{AC3216B9-AD9D-4B5E-B8C0-45426297ECF1}.Debug|Any CPU.ActiveCfg = Debug|Any CPU
		{AC3216B9-AD9D-4B5E-B8C0-45426297ECF1}.Debug|Any CPU.Build.0 = Debug|Any CPU
		{AC3216B9-AD9D-4B5E-B8C0-45426297ECF1}.Release|Any CPU.ActiveCfg = Release|Any CPU
		{AC3216B9-AD9D-4B5E-B8C0-45426297ECF1}.Release|Any CPU.Build.0 = Release|Any CPU
	EndGlobalSection
	GlobalSection(SolutionProperties) = preSolution
		HideSolutionNode = FALSE
	EndGlobalSection
	GlobalSection(ExtensibilityGlobals) = postSolution
		SolutionGuid = {4A186A6D-3C0E-40BA-B9AA-4B4ABC079EAF}
	EndGlobalSection
EndGlobal
